
Microsoft Visual Studio Solution File, Format Version 12.00
# Visual Studio Version 16
VisualStudioVersion = 16.0.32002.261
MinimumVisualStudioVersion = 10.0.40219.1
Project("{9A19103F-16F7-4668-BE54-9A1E7A4F7556}") = "KameProgressParser", "KameProgressParser\KameProgressParser.csproj", "{477A26A7-25D8-4DB3-BC4E-67DEFACBA5FE}"
EndProject
Project("{9A19103F-16F7-4668-BE54-9A1E7A4F7556}") = "KameTests", "KameTests\KameTests.csproj", "{79FA76F7-5737-4E39-A514-CD199771C964}"
EndProject
Project("{FAE04EC0-301F-11D3-BF4B-00C04F79EFBC}") = "KameUI", "KameUI\KameUI.csproj", "{61CD9D10-073C-4A59-8645-62078A7D5F1E}"
EndProject
Global
	GlobalSection(SolutionConfigurationPlatforms) = preSolution
		Debug|Any CPU = Debug|Any CPU
		Release|Any CPU = Release|Any CPU
	EndGlobalSection
	GlobalSection(ProjectConfigurationPlatforms) = postSolution
		{477A26A7-25D8-4DB3-BC4E-67DEFACBA5FE}.Debug|Any CPU.ActiveCfg = Debug|Any CPU
		{477A26A7-25D8-4DB3-BC4E-67DEFACBA5FE}.Debug|Any CPU.Build.0 = Debug|Any CPU
		{477A26A7-25D8-4DB3-BC4E-67DEFACBA5FE}.Release|Any CPU.ActiveCfg = Release|Any CPU
		{477A26A7-25D8-4DB3-BC4E-67DEFACBA5FE}.Release|Any CPU.Build.0 = Release|Any CPU
		{79FA76F7-5737-4E39-A514-CD199771C964}.Debug|Any CPU.ActiveCfg = Debug|Any CPU
		{79FA76F7-5737-4E39-A514-CD199771C964}.Debug|Any CPU.Build.0 = Debug|Any CPU
		{79FA76F7-5737-4E39-A514-CD199771C964}.Release|Any CPU.ActiveCfg = Release|Any CPU
		{79FA76F7-5737-4E39-A514-CD199771C964}.Release|Any CPU.Build.0 = Release|Any CPU
		{61CD9D10-073C-4A59-8645-62078A7D5F1E}.Debug|Any CPU.ActiveCfg = Debug|Any CPU
		{61CD9D10-073C-4A59-8645-62078A7D5F1E}.Debug|Any CPU.Build.0 = Debug|Any CPU
		{61CD9D10-073C-4A59-8645-62078A7D5F1E}.Release|Any CPU.ActiveCfg = Release|Any CPU
		{61CD9D10-073C-4A59-8645-62078A7D5F1E}.Release|Any CPU.Build.0 = Release|Any CPU
	EndGlobalSection
	GlobalSection(SolutionProperties) = preSolution
		HideSolutionNode = FALSE
	EndGlobalSection
	GlobalSection(ExtensibilityGlobals) = postSolution
		SolutionGuid = {BF117772-4B0B-48A9-99DF-C85F106B9E4C}
	EndGlobalSection
EndGlobal
